
Microsoft Visual Studio Solution File, Format Version 12.00
# Visual Studio 15
VisualStudioVersion = 15.0.27428.2015
MinimumVisualStudioVersion = 10.0.40219.1
Project("{FAE04EC0-301F-11D3-BF4B-00C04F79EFBC}") = "DAA.StateManagement.Tests", "DAA.StateManagement.Tests\DAA.StateManagement.Tests.csproj", "{A7CFF468-8152-4E3C-8EF7-C3797E3FCD5D}"
EndProject
Project("{FAE04EC0-301F-11D3-BF4B-00C04F79EFBC}") = "DAA.StateManagement", "DAA.StateManagement\DAA.StateManagement.csproj", "{970698E9-460C-4FCB-9976-4864480AB3A2}"
EndProject
Project("{FAE04EC0-301F-11D3-BF4B-00C04F79EFBC}") = "DAA.StateManagement.Interfaces", "DAA.StateManagement.Interfaces\DAA.StateManagement.Interfaces.csproj", "{6026391F-BA2A-4549-82E4-A9194C009173}"
EndProject
Global
	GlobalSection(SolutionConfigurationPlatforms) = preSolution
		Debug|Any CPU = Debug|Any CPU
		Release|Any CPU = Release|Any CPU
	EndGlobalSection
	GlobalSection(ProjectConfigurationPlatforms) = postSolution
		{A7CFF468-8152-4E3C-8EF7-C3797E3FCD5D}.Debug|Any CPU.ActiveCfg = Debug|Any CPU
		{A7CFF468-8152-4E3C-8EF7-C3797E3FCD5D}.Debug|Any CPU.Build.0 = Debug|Any CPU
		{A7CFF468-8152-4E3C-8EF7-C3797E3FCD5D}.Release|Any CPU.ActiveCfg = Release|Any CPU
		{A7CFF468-8152-4E3C-8EF7-C3797E3FCD5D}.Release|Any CPU.Build.0 = Release|Any CPU
		{970698E9-460C-4FCB-9976-4864480AB3A2}.Debug|Any CPU.ActiveCfg = Debug|Any CPU
		{970698E9-460C-4FCB-9976-4864480AB3A2}.Debug|Any CPU.Build.0 = Debug|Any CPU
		{970698E9-460C-4FCB-9976-4864480AB3A2}.Release|Any CPU.ActiveCfg = Release|Any CPU
		{970698E9-460C-4FCB-9976-4864480AB3A2}.Release|Any CPU.Build.0 = Release|Any CPU
		{6026391F-BA2A-4549-82E4-A9194C009173}.Debug|Any CPU.ActiveCfg = Debug|Any CPU
		{6026391F-BA2A-4549-82E4-A9194C009173}.Debug|Any CPU.Build.0 = Debug|Any CPU
		{6026391F-BA2A-4549-82E4-A9194C009173}.Release|Any CPU.ActiveCfg = Release|Any CPU
		{6026391F-BA2A-4549-82E4-A9194C009173}.Release|Any CPU.Build.0 = Release|Any CPU
	EndGlobalSection
	GlobalSection(SolutionProperties) = preSolution
		HideSolutionNode = FALSE
	EndGlobalSection
	GlobalSection(ExtensibilityGlobals) = postSolution
		SolutionGuid = {4163FFCE-C446-4461-81FD-126B8442D738}
	EndGlobalSection
EndGlobal
